// !$*UTF8*$!
{
	archiveVersion = 1;
	classes = {
	};
	objectVersion = 46;
	objects = {

/* Begin PBXBuildFile section */
		43D386EF1D0496B6005FCBC2 /* AppDelegate.swift in Sources */ = {isa = PBXBuildFile; fileRef = 43D386EE1D0496B6005FCBC2 /* AppDelegate.swift */; };
		43D386F61D0496B6005FCBC2 /* Assets.xcassets in Resources */ = {isa = PBXBuildFile; fileRef = 43D386F51D0496B6005FCBC2 /* Assets.xcassets */; };
		43D386F91D0496B6005FCBC2 /* LaunchScreen.storyboard in Resources */ = {isa = PBXBuildFile; fileRef = 43D386F71D0496B6005FCBC2 /* LaunchScreen.storyboard */; };
		43D387041D0496B6005FCBC2 /* popViewToTableTests.swift in Sources */ = {isa = PBXBuildFile; fileRef = 43D387031D0496B6005FCBC2 /* popViewToTableTests.swift */; };
		43D3870F1D0496B6005FCBC2 /* popViewToTableUITests.swift in Sources */ = {isa = PBXBuildFile; fileRef = 43D3870E1D0496B6005FCBC2 /* popViewToTableUITests.swift */; };
		43D3871F1D049730005FCBC2 /* PopoverViewController.swift in Sources */ = {isa = PBXBuildFile; fileRef = 43D3871C1D049730005FCBC2 /* PopoverViewController.swift */; };
		43D387201D049730005FCBC2 /* ViewController.swift in Sources */ = {isa = PBXBuildFile; fileRef = 43D3871D1D049730005FCBC2 /* ViewController.swift */; };
		43D387211D049730005FCBC2 /* Main.storyboard in Resources */ = {isa = PBXBuildFile; fileRef = 43D3871E1D049730005FCBC2 /* Main.storyboard */; };
/* End PBXBuildFile section */

/* Begin PBXContainerItemProxy section */
		43D387001D0496B6005FCBC2 /* PBXContainerItemProxy */ = {
			isa = PBXContainerItemProxy;
			containerPortal = 43D386E31D0496B5005FCBC2 /* Project object */;
			proxyType = 1;
			remoteGlobalIDString = 43D386EA1D0496B6005FCBC2;
			remoteInfo = popViewToTable;
		};
		43D3870B1D0496B6005FCBC2 /* PBXContainerItemProxy */ = {
			isa = PBXContainerItemProxy;
			containerPortal = 43D386E31D0496B5005FCBC2 /* Project object */;
			proxyType = 1;
			remoteGlobalIDString = 43D386EA1D0496B6005FCBC2;
			remoteInfo = popViewToTable;
		};
/* End PBXContainerItemProxy section */

/* Begin PBXFileReference section */
		43D386EB1D0496B6005FCBC2 /* popViewToTable.app */ = {isa = PBXFileReference; explicitFileType = wrapper.application; includeInIndex = 0; path = popViewToTable.app; sourceTree = BUILT_PRODUCTS_DIR; };
		43D386EE1D0496B6005FCBC2 /* AppDelegate.swift */ = {isa = PBXFileReference; lastKnownFileType = sourcecode.swift; path = AppDelegate.swift; sourceTree = "<group>"; };
		43D386F51D0496B6005FCBC2 /* Assets.xcassets */ = {isa = PBXFileReference; lastKnownFileType = folder.assetcatalog; path = Assets.xcassets; sourceTree = "<group>"; };
		43D386F81D0496B6005FCBC2 /* Base */ = {isa = PBXFileReference; lastKnownFileType = file.storyboard; name = Base; path = Base.lproj/LaunchScreen.storyboard; sourceTree = "<group>"; };
		43D386FA1D0496B6005FCBC2 /* Info.plist */ = {isa = PBXFileReference; lastKnownFileType = text.plist.xml; path = Info.plist; sourceTree = "<group>"; };
		43D386FF1D0496B6005FCBC2 /* popViewToTableTests.xctest */ = {isa = PBXFileReference; explicitFileType = wrapper.cfbundle; includeInIndex = 0; path = popViewToTableTests.xctest; sourceTree = BUILT_PRODUCTS_DIR; };
		43D387031D0496B6005FCBC2 /* popViewToTableTests.swift */ = {isa = PBXFileReference; lastKnownFileType = sourcecode.swift; path = popViewToTableTests.swift; sourceTree = "<group>"; };
		43D387051D0496B6005FCBC2 /* Info.plist */ = {isa = PBXFileReference; lastKnownFileType = text.plist.xml; path = Info.plist; sourceTree = "<group>"; };
		43D3870A1D0496B6005FCBC2 /* popViewToTableUITests.xctest */ = {isa = PBXFileReference; explicitFileType = wrapper.cfbundle; includeInIndex = 0; path = popViewToTableUITests.xctest; sourceTree = BUILT_PRODUCTS_DIR; };
		43D3870E1D0496B6005FCBC2 /* popViewToTableUITests.swift */ = {isa = PBXFileReference; lastKnownFileType = sourcecode.swift; path = popViewToTableUITests.swift; sourceTree = "<group>"; };
		43D387101D0496B6005FCBC2 /* Info.plist */ = {isa = PBXFileReference; lastKnownFileType = text.plist.xml; path = Info.plist; sourceTree = "<group>"; };
		43D3871C1D049730005FCBC2 /* PopoverViewController.swift */ = {isa = PBXFileReference; fileEncoding = 4; lastKnownFileType = sourcecode.swift; path = PopoverViewController.swift; sourceTree = "<group>"; };
		43D3871D1D049730005FCBC2 /* ViewController.swift */ = {isa = PBXFileReference; fileEncoding = 4; lastKnownFileType = sourcecode.swift; path = ViewController.swift; sourceTree = "<group>"; };
		43D3871E1D049730005FCBC2 /* Main.storyboard */ = {isa = PBXFileReference; fileEncoding = 4; lastKnownFileType = file.storyboard; path = Main.storyboard; sourceTree = "<group>"; };
/* End PBXFileReference section */

/* Begin PBXFrameworksBuildPhase section */
		43D386E81D0496B6005FCBC2 /* Frameworks */ = {
			isa = PBXFrameworksBuildPhase;
			buildActionMask = 2147483647;
			files = (
			);
			runOnlyForDeploymentPostprocessing = 0;
		};
		43D386FC1D0496B6005FCBC2 /* Frameworks */ = {
			isa = PBXFrameworksBuildPhase;
			buildActionMask = 2147483647;
			files = (
			);
			runOnlyForDeploymentPostprocessing = 0;
		};
		43D387071D0496B6005FCBC2 /* Frameworks */ = {
			isa = PBXFrameworksBuildPhase;
			buildActionMask = 2147483647;
			files = (
			);
			runOnlyForDeploymentPostprocessing = 0;
		};
/* End PBXFrameworksBuildPhase section */

/* Begin PBXGroup section */
		43D386E21D0496B5005FCBC2 = {
			isa = PBXGroup;
			children = (
				43D386ED1D0496B6005FCBC2 /* popViewToTable */,
				43D387021D0496B6005FCBC2 /* popViewToTableTests */,
				43D3870D1D0496B6005FCBC2 /* popViewToTableUITests */,
				43D386EC1D0496B6005FCBC2 /* Products */,
			);
			sourceTree = "<group>";
		};
		43D386EC1D0496B6005FCBC2 /* Products */ = {
			isa = PBXGroup;
			children = (
				43D386EB1D0496B6005FCBC2 /* popViewToTable.app */,
				43D386FF1D0496B6005FCBC2 /* popViewToTableTests.xctest */,
				43D3870A1D0496B6005FCBC2 /* popViewToTableUITests.xctest */,
			);
			name = Products;
			sourceTree = "<group>";
		};
		43D386ED1D0496B6005FCBC2 /* popViewToTable */ = {
			isa = PBXGroup;
			children = (
				43D386EE1D0496B6005FCBC2 /* AppDelegate.swift */,
				43D3871C1D049730005FCBC2 /* PopoverViewController.swift */,
				43D3871D1D049730005FCBC2 /* ViewController.swift */,
				43D3871E1D049730005FCBC2 /* Main.storyboard */,
				43D386F51D0496B6005FCBC2 /* Assets.xcassets */,
				43D386F71D0496B6005FCBC2 /* LaunchScreen.storyboard */,
				43D386FA1D0496B6005FCBC2 /* Info.plist */,
			);
			path = popViewToTable;
			sourceTree = "<group>";
		};
		43D387021D0496B6005FCBC2 /* popViewToTableTests */ = {
			isa = PBXGroup;
			children = (
				43D387031D0496B6005FCBC2 /* popViewToTableTests.swift */,
				43D387051D0496B6005FCBC2 /* Info.plist */,
			);
			path = popViewToTableTests;
			sourceTree = "<group>";
		};
		43D3870D1D0496B6005FCBC2 /* popViewToTableUITests */ = {
			isa = PBXGroup;
			children = (
				43D3870E1D0496B6005FCBC2 /* popViewToTableUITests.swift */,
				43D387101D0496B6005FCBC2 /* Info.plist */,
			);
			path = popViewToTableUITests;
			sourceTree = "<group>";
		};
/* End PBXGroup section */

/* Begin PBXNativeTarget section */
		43D386EA1D0496B6005FCBC2 /* popViewToTable */ = {
			isa = PBXNativeTarget;
			buildConfigurationList = 43D387131D0496B6005FCBC2 /* Build configuration list for PBXNativeTarget "popViewToTable" */;
			buildPhases = (
				43D386E71D0496B6005FCBC2 /* Sources */,
				43D386E81D0496B6005FCBC2 /* Frameworks */,
				43D386E91D0496B6005FCBC2 /* Resources */,
			);
			buildRules = (
			);
			dependencies = (
			);
			name = popViewToTable;
			productName = popViewToTable;
			productReference = 43D386EB1D0496B6005FCBC2 /* popViewToTable.app */;
			productType = "com.apple.product-type.application";
		};
		43D386FE1D0496B6005FCBC2 /* popViewToTableTests */ = {
			isa = PBXNativeTarget;
			buildConfigurationList = 43D387161D0496B6005FCBC2 /* Build configuration list for PBXNativeTarget "popViewToTableTests" */;
			buildPhases = (
				43D386FB1D0496B6005FCBC2 /* Sources */,
				43D386FC1D0496B6005FCBC2 /* Frameworks */,
				43D386FD1D0496B6005FCBC2 /* Resources */,
			);
			buildRules = (
			);
			dependencies = (
				43D387011D0496B6005FCBC2 /* PBXTargetDependency */,
			);
			name = popViewToTableTests;
			productName = popViewToTableTests;
			productReference = 43D386FF1D0496B6005FCBC2 /* popViewToTableTests.xctest */;
			productType = "com.apple.product-type.bundle.unit-test";
		};
		43D387091D0496B6005FCBC2 /* popViewToTableUITests */ = {
			isa = PBXNativeTarget;
			buildConfigurationList = 43D387191D0496B6005FCBC2 /* Build configuration list for PBXNativeTarget "popViewToTableUITests" */;
			buildPhases = (
				43D387061D0496B6005FCBC2 /* Sources */,
				43D387071D0496B6005FCBC2 /* Frameworks */,
				43D387081D0496B6005FCBC2 /* Resources */,
			);
			buildRules = (
			);
			dependencies = (
				43D3870C1D0496B6005FCBC2 /* PBXTargetDependency */,
			);
			name = popViewToTableUITests;
			productName = popViewToTableUITests;
			productReference = 43D3870A1D0496B6005FCBC2 /* popViewToTableUITests.xctest */;
			productType = "com.apple.product-type.bundle.ui-testing";
		};
/* End PBXNativeTarget section */

/* Begin PBXProject section */
		43D386E31D0496B5005FCBC2 /* Project object */ = {
			isa = PBXProject;
			attributes = {
				LastSwiftUpdateCheck = 0730;
				LastUpgradeCheck = 0730;
				ORGANIZATIONNAME = Thor;
				TargetAttributes = {
					43D386EA1D0496B6005FCBC2 = {
						CreatedOnToolsVersion = 7.3.1;
					};
					43D386FE1D0496B6005FCBC2 = {
						CreatedOnToolsVersion = 7.3.1;
						TestTargetID = 43D386EA1D0496B6005FCBC2;
					};
					43D387091D0496B6005FCBC2 = {
						CreatedOnToolsVersion = 7.3.1;
						TestTargetID = 43D386EA1D0496B6005FCBC2;
					};
				};
			};
			buildConfigurationList = 43D386E61D0496B5005FCBC2 /* Build configuration list for PBXProject "popViewToTable" */;
			compatibilityVersion = "Xcode 3.2";
			developmentRegion = English;
			hasScannedForEncodings = 0;
			knownRegions = (
				en,
				Base,
			);
			mainGroup = 43D386E21D0496B5005FCBC2;
			productRefGroup = 43D386EC1D0496B6005FCBC2 /* Products */;
			projectDirPath = "";
			projectRoot = "";
			targets = (
				43D386EA1D0496B6005FCBC2 /* popViewToTable */,
				43D386FE1D0496B6005FCBC2 /* popViewToTableTests */,
				43D387091D0496B6005FCBC2 /* popViewToTableUITests */,
			);
		};
/* End PBXProject section */

/* Begin PBXResourcesBuildPhase section */
		43D386E91D0496B6005FCBC2 /* Resources */ = {
			isa = PBXResourcesBuildPhase;
			buildActionMask = 2147483647;
			files = (
				43D387211D049730005FCBC2 /* Main.storyboard in Resources */,
				43D386F91D0496B6005FCBC2 /* LaunchScreen.storyboard in Resources */,
				43D386F61D0496B6005FCBC2 /* Assets.xcassets in Resources */,
			);
			runOnlyForDeploymentPostprocessing = 0;
		};
		43D386FD1D0496B6005FCBC2 /* Resources */ = {
			isa = PBXResourcesBuildPhase;
			buildActionMask = 2147483647;
			files = (
			);
			runOnlyForDeploymentPostprocessing = 0;
		};
		43D387081D0496B6005FCBC2 /* Resources */ = {
			isa = PBXResourcesBuildPhase;
			buildActionMask = 2147483647;
			files = (
			);
			runOnlyForDeploymentPostprocessing = 0;
		};
/* End PBXResourcesBuildPhase section */

/* Begin PBXSourcesBuildPhase section */
		43D386E71D0496B6005FCBC2 /* Sources */ = {
			isa = PBXSourcesBuildPhase;
			buildActionMask = 2147483647;
			files = (
				43D387201D049730005FCBC2 /* ViewController.swift in Sources */,
				43D3871F1D049730005FCBC2 /* PopoverViewController.swift in Sources */,
				43D386EF1D0496B6005FCBC2 /* AppDelegate.swift in Sources */,
			);
			runOnlyForDeploymentPostprocessing = 0;
		};
		43D386FB1D0496B6005FCBC2 /* Sources */ = {
			isa = PBXSourcesBuildPhase;
			buildActionMask = 2147483647;
			files = (
				43D387041D0496B6005FCBC2 /* popViewToTableTests.swift in Sources */,
			);
			runOnlyForDeploymentPostprocessing = 0;
		};
		43D387061D0496B6005FCBC2 /* Sources */ = {
			isa = PBXSourcesBuildPhase;
			buildActionMask = 2147483647;
			files = (
				43D3870F1D0496B6005FCBC2 /* popViewToTableUITests.swift in Sources */,
			);
			runOnlyForDeploymentPostprocessing = 0;
		};
/* End PBXSourcesBuildPhase section */

/* Begin PBXTargetDependency section */
		43D387011D0496B6005FCBC2 /* PBXTargetDependency */ = {
			isa = PBXTargetDependency;
			target = 43D386EA1D0496B6005FCBC2 /* popViewToTable */;
			targetProxy = 43D387001D0496B6005FCBC2 /* PBXContainerItemProxy */;
		};
		43D3870C1D0496B6005FCBC2 /* PBXTargetDependency */ = {
			isa = PBXTargetDependency;
			target = 43D386EA1D0496B6005FCBC2 /* popViewToTable */;
			targetProxy = 43D3870B1D0496B6005FCBC2 /* PBXContainerItemProxy */;
		};
/* End PBXTargetDependency section */

/* Begin PBXVariantGroup section */
		43D386F71D0496B6005FCBC2 /* LaunchScreen.storyboard */ = {
			isa = PBXVariantGroup;
			children = (
				43D386F81D0496B6005FCBC2 /* Base */,
			);
			name = LaunchScreen.storyboard;
			sourceTree = "<group>";
		};
/* End PBXVariantGroup section */

/* Begin XCBuildConfiguration section */
		43D387111D0496B6005FCBC2 /* Debug */ = {
			isa = XCBuildConfiguration;
			buildSettings = {
				ALWAYS_SEARCH_USER_PATHS = NO;
				CLANG_ANALYZER_NONNULL = YES;
				CLANG_CXX_LANGUAGE_STANDARD = "gnu++0x";
				CLANG_CXX_LIBRARY = "libc++";
				CLANG_ENABLE_MODULES = YES;
				CLANG_ENABLE_OBJC_ARC = YES;
				CLANG_WARN_BOOL_CONVERSION = YES;
				CLANG_WARN_CONSTANT_CONVERSION = YES;
				CLANG_WARN_DIRECT_OBJC_ISA_USAGE = YES_ERROR;
				CLANG_WARN_EMPTY_BODY = YES;
				CLANG_WARN_ENUM_CONVERSION = YES;
				CLANG_WARN_INT_CONVERSION = YES;
				CLANG_WARN_OBJC_ROOT_CLASS = YES_ERROR;
				CLANG_WARN_UNREACHABLE_CODE = YES;
				CLANG_WARN__DUPLICATE_METHOD_MATCH = YES;
				"CODE_SIGN_IDENTITY[sdk=iphoneos*]" = "iPhone Developer";
				COPY_PHASE_STRIP = NO;
				DEBUG_INFORMATION_FORMAT = dwarf;
				ENABLE_STRICT_OBJC_MSGSEND = YES;
				ENABLE_TESTABILITY = YES;
				GCC_C_LANGUAGE_STANDARD = gnu99;
				GCC_DYNAMIC_NO_PIC = NO;
				GCC_NO_COMMON_BLOCKS = YES;
				GCC_OPTIMIZATION_LEVEL = 0;
				GCC_PREPROCESSOR_DEFINITIONS = (
					"DEBUG=1",
					"$(inherited)",
				);
				GCC_WARN_64_TO_32_BIT_CONVERSION = YES;
				GCC_WARN_ABOUT_RETURN_TYPE = YES_ERROR;
				GCC_WARN_UNDECLARED_SELECTOR = YES;
				GCC_WARN_UNINITIALIZED_AUTOS = YES_AGGRESSIVE;
				GCC_WARN_UNUSED_FUNCTION = YES;
				GCC_WARN_UNUSED_VARIABLE = YES;
				IPHONEOS_DEPLOYMENT_TARGET = 9.3;
				MTL_ENABLE_DEBUG_INFO = YES;
				ONLY_ACTIVE_ARCH = YES;
				SDKROOT = iphoneos;
				SWIFT_OPTIMIZATION_LEVEL = "-Onone";
				TARGETED_DEVICE_FAMILY = "1,2";
			};
			name = Debug;
		};
		43D387121D0496B6005FCBC2 /* Release */ = {
			isa = XCBuildConfiguration;
			buildSettings = {
				ALWAYS_SEARCH_USER_PATHS = NO;
				CLANG_ANALYZER_NONNULL = YES;
				CLANG_CXX_LANGUAGE_STANDARD = "gnu++0x";
				CLANG_CXX_LIBRARY = "libc++";
				CLANG_ENABLE_MODULES = YES;
				CLANG_ENABLE_OBJC_ARC = YES;
				CLANG_WARN_BOOL_CONVERSION = YES;
				CLANG_WARN_CONSTANT_CONVERSION = YES;
				CLANG_WARN_DIRECT_OBJC_ISA_USAGE = YES_ERROR;
				CLANG_WARN_EMPTY_BODY = YES;
				CLANG_WARN_ENUM_CONVERSION = YES;
				CLANG_WARN_INT_CONVERSION = YES;
				CLANG_WARN_OBJC_ROOT_CLASS = YES_ERROR;
				CLANG_WARN_UNREACHABLE_CODE = YES;
				CLANG_WARN__DUPLICATE_METHOD_MATCH = YES;
				"CODE_SIGN_IDENTITY[sdk=iphoneos*]" = "iPhone Developer";
				COPY_PHASE_STRIP = NO;
				DEBUG_INFORMATION_FORMAT = "dwarf-with-dsym";
				ENABLE_NS_ASSERTIONS = NO;
				ENABLE_STRICT_OBJC_MSGSEND = YES;
				GCC_C_LANGUAGE_STANDARD = gnu99;
				GCC_NO_COMMON_BLOCKS = YES;
				GCC_WARN_64_TO_32_BIT_CONVERSION = YES;
				GCC_WARN_ABOUT_RETURN_TYPE = YES_ERROR;
				GCC_WARN_UNDECLARED_SELECTOR = YES;
				GCC_WARN_UNINITIALIZED_AUTOS = YES_AGGRESSIVE;
				GCC_WARN_UNUSED_FUNCTION = YES;
				GCC_WARN_UNUSED_VARIABLE = YES;
				IPHONEOS_DEPLOYMENT_TARGET = 9.3;
				MTL_ENABLE_DEBUG_INFO = NO;
				SDKROOT = iphoneos;
				TARGETED_DEVICE_FAMILY = "1,2";
				VALIDATE_PRODUCT = YES;
			};
			name = Release;
		};
		43D387141D0496B6005FCBC2 /* Debug */ = {
			isa = XCBuildConfiguration;
			buildSettings = {
				ASSETCATALOG_COMPILER_APPICON_NAME = AppIcon;
				INFOPLIST_FILE = popViewToTable/Info.plist;
				LD_RUNPATH_SEARCH_PATHS = "$(inherited) @executable_path/Frameworks";
				PRODUCT_BUNDLE_IDENTIFIER = com.thor.popViewToTable;
				PRODUCT_NAME = "$(TARGET_NAME)";
			};
			name = Debug;
		};
		43D387151D0496B6005FCBC2 /* Release */ = {
			isa = XCBuildConfiguration;
			buildSettings = {
				ASSETCATALOG_COMPILER_APPICON_NAME = AppIcon;
				INFOPLIST_FILE = popViewToTable/Info.plist;
				LD_RUNPATH_SEARCH_PATHS = "$(inherited) @executable_path/Frameworks";
				PRODUCT_BUNDLE_IDENTIFIER = com.thor.popViewToTable;
				PRODUCT_NAME = "$(TARGET_NAME)";
			};
			name = Release;
		};
		43D387171D0496B6005FCBC2 /* Debug */ = {
			isa = XCBuildConfiguration;
			buildSettings = {
				BUNDLE_LOADER = "$(TEST_HOST)";
				INFOPLIST_FILE = popViewToTableTests/Info.plist;
				LD_RUNPATH_SEARCH_PATHS = "$(inherited) @executable_path/Frameworks @loader_path/Frameworks";
				PRODUCT_BUNDLE_IDENTIFIER = com.thor.popViewToTableTests;
				PRODUCT_NAME = "$(TARGET_NAME)";
				TEST_HOST = "$(BUILT_PRODUCTS_DIR)/popViewToTable.app/popViewToTable";
			};
			name = Debug;
		};
		43D387181D0496B6005FCBC2 /* Release */ = {
			isa = XCBuildConfiguration;
			buildSettings = {
				BUNDLE_LOADER = "$(TEST_HOST)";
				INFOPLIST_FILE = popViewToTableTests/Info.plist;
				LD_RUNPATH_SEARCH_PATHS = "$(inherited) @executable_path/Frameworks @loader_path/Frameworks";
				PRODUCT_BUNDLE_IDENTIFIER = com.thor.popViewToTableTests;
				PRODUCT_NAME = "$(TARGET_NAME)";
				TEST_HOST = "$(BUILT_PRODUCTS_DIR)/popViewToTable.app/popViewToTable";
			};
			name = Release;
		};
		43D3871A1D0496B6005FCBC2 /* Debug */ = {
			isa = XCBuildConfiguration;
			buildSettings = {
				INFOPLIST_FILE = popViewToTableUITests/Info.plist;
				LD_RUNPATH_SEARCH_PATHS = "$(inherited) @executable_path/Frameworks @loader_path/Frameworks";
				PRODUCT_BUNDLE_IDENTIFIER = com.thor.popViewToTableUITests;
				PRODUCT_NAME = "$(TARGET_NAME)";
				TEST_TARGET_NAME = popViewToTable;
			};
			name = Debug;
		};
		43D3871B1D0496B6005FCBC2 /* Release */ = {
			isa = XCBuildConfiguration;
			buildSettings = {
				INFOPLIST_FILE = popViewToTableUITests/Info.plist;
				LD_RUNPATH_SEARCH_PATHS = "$(inherited) @executable_path/Frameworks @loader_path/Frameworks";
				PRODUCT_BUNDLE_IDENTIFIER = com.thor.popViewToTableUITests;
				PRODUCT_NAME = "$(TARGET_NAME)";
				TEST_TARGET_NAME = popViewToTable;
			};
			name = Release;
		};
/* End XCBuildConfiguration section */

/* Begin XCConfigurationList section */
		43D386E61D0496B5005FCBC2 /* Build configuration list for PBXProject "popViewToTable" */ = {
			isa = XCConfigurationList;
			buildConfigurations = (
				43D387111D0496B6005FCBC2 /* Debug */,
				43D387121D0496B6005FCBC2 /* Release */,
			);
			defaultConfigurationIsVisible = 0;
			defaultConfigurationName = Release;
		};
		43D387131D0496B6005FCBC2 /* Build configuration list for PBXNativeTarget "popViewToTable" */ = {
			isa = XCConfigurationList;
			buildConfigurations = (
				43D387141D0496B6005FCBC2 /* Debug */,
				43D387151D0496B6005FCBC2 /* Release */,
			);
			defaultConfigurationIsVisible = 0;
		};
		43D387161D0496B6005FCBC2 /* Build configuration list for PBXNativeTarget "popViewToTableTests" */ = {
			isa = XCConfigurationList;
			buildConfigurations = (
				43D387171D0496B6005FCBC2 /* Debug */,
				43D387181D0496B6005FCBC2 /* Release */,
			);
			defaultConfigurationIsVisible = 0;
		};
		43D387191D0496B6005FCBC2 /* Build configuration list for PBXNativeTarget "popViewToTableUITests" */ = {
			isa = XCConfigurationList;
			buildConfigurations = (
				43D3871A1D0496B6005FCBC2 /* Debug */,
				43D3871B1D0496B6005FCBC2 /* Release */,
			);
			defaultConfigurationIsVisible = 0;
		};
/* End XCConfigurationList section */
	};
	rootObject = 43D386E31D0496B5005FCBC2 /* Project object */;
}
